
Microsoft Visual Studio Solution File, Format Version 12.00
# Visual Studio 15
VisualStudioVersion = 15.0.28307.421
MinimumVisualStudioVersion = 10.0.40219.1
Project("{FAE04EC0-301F-11D3-BF4B-00C04F79EFBC}") = "CSharpOCR", "CSharpOCR\CSharpOCR.csproj", "{97474E48-991F-4321-BA8F-0CB7FEB45BCB}"
EndProject
Global
	GlobalSection(SolutionConfigurationPlatforms) = preSolution
		Debug|Any CPU = Debug|Any CPU
		Release|Any CPU = Release|Any CPU
	EndGlobalSection
	GlobalSection(ProjectConfigurationPlatforms) = postSolution
		{97474E48-991F-4321-BA8F-0CB7FEB45BCB}.Debug|Any CPU.ActiveCfg = Debug|Any CPU
		{97474E48-991F-4321-BA8F-0CB7FEB45BCB}.Debug|Any CPU.Build.0 = Debug|Any CPU
		{97474E48-991F-4321-BA8F-0CB7FEB45BCB}.Release|Any CPU.ActiveCfg = Release|Any CPU
		{97474E48-991F-4321-BA8F-0CB7FEB45BCB}.Release|Any CPU.Build.0 = Release|Any CPU
	EndGlobalSection
	GlobalSection(SolutionProperties) = preSolution
		HideSolutionNode = FALSE
	EndGlobalSection
	GlobalSection(ExtensibilityGlobals) = postSolution
		SolutionGuid = {DECBA89D-2248-44B1-85D9-7808DD2AA951}
	EndGlobalSection
EndGlobal
